// !$*UTF8*$!
{
	archiveVersion = 1;
	classes = {
	};
	objectVersion = 46;
	objects = {

/* Begin PBXBuildFile section */
		4D62FF161E2942BA00E8C793 /* ClassificationParser.swift in Sources */ = {isa = PBXBuildFile; fileRef = 4D62FF151E2942BA00E8C793 /* ClassificationParser.swift */; };
		4D62FF331E2955B100E8C793 /* fit_checkerTests.swift in Sources */ = {isa = PBXBuildFile; fileRef = 4D62FF321E2955B100E8C793 /* fit_checkerTests.swift */; };
		4D62FF411E29562400E8C793 /* biomo.html in Resources */ = {isa = PBXBuildFile; fileRef = 4D62FF401E29562400E8C793 /* biomo.html */; };
		D2352E091E27EC9C00303424 /* AppDelegate.swift in Sources */ = {isa = PBXBuildFile; fileRef = D2352E081E27EC9C00303424 /* AppDelegate.swift */; };
		D2352E0B1E27EC9C00303424 /* ViewController.swift in Sources */ = {isa = PBXBuildFile; fileRef = D2352E0A1E27EC9C00303424 /* ViewController.swift */; };
		D2352E101E27EC9C00303424 /* Assets.xcassets in Resources */ = {isa = PBXBuildFile; fileRef = D2352E0F1E27EC9C00303424 /* Assets.xcassets */; };
		D2352E131E27EC9C00303424 /* LaunchScreen.storyboard in Resources */ = {isa = PBXBuildFile; fileRef = D2352E111E27EC9C00303424 /* LaunchScreen.storyboard */; };
		D2352E1E1E27EC9D00303424 /* fit_checkerUITests.swift in Sources */ = {isa = PBXBuildFile; fileRef = D2352E1D1E27EC9D00303424 /* fit_checkerUITests.swift */; };
		D2352E321E27EFDF00303424 /* ClassificationResult.swift in Sources */ = {isa = PBXBuildFile; fileRef = D2352E2E1E27EFDF00303424 /* ClassificationResult.swift */; };
		D2352E331E27EFDF00303424 /* ClassificationRow.swift in Sources */ = {isa = PBXBuildFile; fileRef = D2352E2F1E27EFDF00303424 /* ClassificationRow.swift */; };
		D2352E341E27EFDF00303424 /* ClassificationTable.swift in Sources */ = {isa = PBXBuildFile; fileRef = D2352E301E27EFDF00303424 /* ClassificationTable.swift */; };
		D2352E351E27EFDF00303424 /* ClasificationParsing.swift in Sources */ = {isa = PBXBuildFile; fileRef = D2352E311E27EFDF00303424 /* ClasificationParsing.swift */; };
		D2352E3C1E27F37100303424 /* Alamofire.framework in Frameworks */ = {isa = PBXBuildFile; fileRef = D2352E381E27F37100303424 /* Alamofire.framework */; };
		D2352E3D1E27F37100303424 /* Kanna.framework in Frameworks */ = {isa = PBXBuildFile; fileRef = D2352E391E27F37100303424 /* Kanna.framework */; };
		D2352E3E1E27F37100303424 /* Realm.framework in Frameworks */ = {isa = PBXBuildFile; fileRef = D2352E3A1E27F37100303424 /* Realm.framework */; };
		D2352E3F1E27F37100303424 /* RealmSwift.framework in Frameworks */ = {isa = PBXBuildFile; fileRef = D2352E3B1E27F37100303424 /* RealmSwift.framework */; };
		D2352E421E28481200303424 /* NetworkController.swift in Sources */ = {isa = PBXBuildFile; fileRef = D2352E411E28481200303424 /* NetworkController.swift */; };
		D2352E441E28487700303424 /* EduxRouter.swift in Sources */ = {isa = PBXBuildFile; fileRef = D2352E431E28487700303424 /* EduxRouter.swift */; };
		D2352E471E284E5A00303424 /* EduxLoginOperation.swift in Sources */ = {isa = PBXBuildFile; fileRef = D2352E461E284E5A00303424 /* EduxLoginOperation.swift */; };
		D2352E491E284EA300303424 /* ReadCourseClassificationOperation.swift in Sources */ = {isa = PBXBuildFile; fileRef = D2352E481E284EA300303424 /* ReadCourseClassificationOperation.swift */; };
		D2352E4B1E284EBC00303424 /* ReadCourseListOperation.swift in Sources */ = {isa = PBXBuildFile; fileRef = D2352E4A1E284EBC00303424 /* ReadCourseListOperation.swift */; };
		D2352E501E29820900303424 /* LoginViewController.swift in Sources */ = {isa = PBXBuildFile; fileRef = D2352E4F1E29820900303424 /* LoginViewController.swift */; };
		D2352E531E2A0CDF00303424 /* BaseOperation.swift in Sources */ = {isa = PBXBuildFile; fileRef = D2352E521E2A0CDF00303424 /* BaseOperation.swift */; };
/* End PBXBuildFile section */

/* Begin PBXContainerItemProxy section */
		4D62FF351E2955B100E8C793 /* PBXContainerItemProxy */ = {
			isa = PBXContainerItemProxy;
			containerPortal = D2352DFD1E27EC9C00303424 /* Project object */;
			proxyType = 1;
			remoteGlobalIDString = D2352E041E27EC9C00303424;
			remoteInfo = "fit-checker";
		};
		D2352E1A1E27EC9D00303424 /* PBXContainerItemProxy */ = {
			isa = PBXContainerItemProxy;
			containerPortal = D2352DFD1E27EC9C00303424 /* Project object */;
			proxyType = 1;
			remoteGlobalIDString = D2352E041E27EC9C00303424;
			remoteInfo = "fit-checker";
		};
/* End PBXContainerItemProxy section */

/* Begin PBXFileReference section */
		4D62FF151E2942BA00E8C793 /* ClassificationParser.swift */ = {isa = PBXFileReference; fileEncoding = 4; lastKnownFileType = sourcecode.swift; path = ClassificationParser.swift; sourceTree = "<group>"; };
		4D62FF2A1E29555300E8C793 /* fit-checkerUITests copy-Info.plist */ = {isa = PBXFileReference; lastKnownFileType = text.plist.xml; name = "fit-checkerUITests copy-Info.plist"; path = "/Users/jakubtucek/Documents/fit-checker-2.0/fit-checkerUITests copy-Info.plist"; sourceTree = "<absolute>"; };
		4D62FF301E2955B100E8C793 /* fit-checkerTests.xctest */ = {isa = PBXFileReference; explicitFileType = wrapper.cfbundle; includeInIndex = 0; path = "fit-checkerTests.xctest"; sourceTree = BUILT_PRODUCTS_DIR; };
		4D62FF321E2955B100E8C793 /* fit_checkerTests.swift */ = {isa = PBXFileReference; lastKnownFileType = sourcecode.swift; path = fit_checkerTests.swift; sourceTree = "<group>"; };
		4D62FF341E2955B100E8C793 /* Info.plist */ = {isa = PBXFileReference; lastKnownFileType = text.plist.xml; path = Info.plist; sourceTree = "<group>"; };
		4D62FF3D1E29561500E8C793 /* ClassificationParserTest.swift */ = {isa = PBXFileReference; fileEncoding = 4; lastKnownFileType = sourcecode.swift; path = ClassificationParserTest.swift; sourceTree = "<group>"; };
		4D62FF401E29562400E8C793 /* biomo.html */ = {isa = PBXFileReference; fileEncoding = 4; lastKnownFileType = text.html; path = biomo.html; sourceTree = "<group>"; };
		D2352E051E27EC9C00303424 /* fit-checker.app */ = {isa = PBXFileReference; explicitFileType = wrapper.application; includeInIndex = 0; path = "fit-checker.app"; sourceTree = BUILT_PRODUCTS_DIR; };
		D2352E081E27EC9C00303424 /* AppDelegate.swift */ = {isa = PBXFileReference; lastKnownFileType = sourcecode.swift; path = AppDelegate.swift; sourceTree = "<group>"; };
		D2352E0A1E27EC9C00303424 /* ViewController.swift */ = {isa = PBXFileReference; lastKnownFileType = sourcecode.swift; path = ViewController.swift; sourceTree = "<group>"; };
		D2352E0F1E27EC9C00303424 /* Assets.xcassets */ = {isa = PBXFileReference; lastKnownFileType = folder.assetcatalog; path = Assets.xcassets; sourceTree = "<group>"; };
		D2352E121E27EC9C00303424 /* Base */ = {isa = PBXFileReference; lastKnownFileType = file.storyboard; name = Base; path = Base.lproj/LaunchScreen.storyboard; sourceTree = "<group>"; };
		D2352E141E27EC9C00303424 /* Info.plist */ = {isa = PBXFileReference; lastKnownFileType = text.plist.xml; path = Info.plist; sourceTree = "<group>"; };
		D2352E191E27EC9D00303424 /* fit-checkerUITests.xctest */ = {isa = PBXFileReference; explicitFileType = wrapper.cfbundle; includeInIndex = 0; path = "fit-checkerUITests.xctest"; sourceTree = BUILT_PRODUCTS_DIR; };
		D2352E1D1E27EC9D00303424 /* fit_checkerUITests.swift */ = {isa = PBXFileReference; lastKnownFileType = sourcecode.swift; path = fit_checkerUITests.swift; sourceTree = "<group>"; };
		D2352E1F1E27EC9D00303424 /* Info.plist */ = {isa = PBXFileReference; lastKnownFileType = text.plist.xml; path = Info.plist; sourceTree = "<group>"; };
		D2352E2E1E27EFDF00303424 /* ClassificationResult.swift */ = {isa = PBXFileReference; fileEncoding = 4; lastKnownFileType = sourcecode.swift; path = ClassificationResult.swift; sourceTree = "<group>"; };
		D2352E2F1E27EFDF00303424 /* ClassificationRow.swift */ = {isa = PBXFileReference; fileEncoding = 4; lastKnownFileType = sourcecode.swift; path = ClassificationRow.swift; sourceTree = "<group>"; };
		D2352E301E27EFDF00303424 /* ClassificationTable.swift */ = {isa = PBXFileReference; fileEncoding = 4; lastKnownFileType = sourcecode.swift; path = ClassificationTable.swift; sourceTree = "<group>"; };
		D2352E311E27EFDF00303424 /* ClasificationParsing.swift */ = {isa = PBXFileReference; fileEncoding = 4; lastKnownFileType = sourcecode.swift; path = ClasificationParsing.swift; sourceTree = "<group>"; };
		D2352E381E27F37100303424 /* Alamofire.framework */ = {isa = PBXFileReference; lastKnownFileType = wrapper.framework; name = Alamofire.framework; path = Carthage/Build/iOS/Alamofire.framework; sourceTree = "<group>"; };
		D2352E391E27F37100303424 /* Kanna.framework */ = {isa = PBXFileReference; lastKnownFileType = wrapper.framework; name = Kanna.framework; path = Carthage/Build/iOS/Kanna.framework; sourceTree = "<group>"; };
		D2352E3A1E27F37100303424 /* Realm.framework */ = {isa = PBXFileReference; lastKnownFileType = wrapper.framework; name = Realm.framework; path = Carthage/Build/iOS/Realm.framework; sourceTree = "<group>"; };
		D2352E3B1E27F37100303424 /* RealmSwift.framework */ = {isa = PBXFileReference; lastKnownFileType = wrapper.framework; name = RealmSwift.framework; path = Carthage/Build/iOS/RealmSwift.framework; sourceTree = "<group>"; };
		D2352E411E28481200303424 /* NetworkController.swift */ = {isa = PBXFileReference; fileEncoding = 4; lastKnownFileType = sourcecode.swift; path = NetworkController.swift; sourceTree = "<group>"; };
		D2352E431E28487700303424 /* EduxRouter.swift */ = {isa = PBXFileReference; fileEncoding = 4; lastKnownFileType = sourcecode.swift; path = EduxRouter.swift; sourceTree = "<group>"; };
		D2352E461E284E5A00303424 /* EduxLoginOperation.swift */ = {isa = PBXFileReference; fileEncoding = 4; lastKnownFileType = sourcecode.swift; path = EduxLoginOperation.swift; sourceTree = "<group>"; };
		D2352E481E284EA300303424 /* ReadCourseClassificationOperation.swift */ = {isa = PBXFileReference; fileEncoding = 4; lastKnownFileType = sourcecode.swift; path = ReadCourseClassificationOperation.swift; sourceTree = "<group>"; };
		D2352E4A1E284EBC00303424 /* ReadCourseListOperation.swift */ = {isa = PBXFileReference; fileEncoding = 4; lastKnownFileType = sourcecode.swift; path = ReadCourseListOperation.swift; sourceTree = "<group>"; };
		D2352E4F1E29820900303424 /* LoginViewController.swift */ = {isa = PBXFileReference; fileEncoding = 4; lastKnownFileType = sourcecode.swift; path = LoginViewController.swift; sourceTree = "<group>"; };
		D2352E511E298D7200303424 /* ViewPlayground.playground */ = {isa = PBXFileReference; lastKnownFileType = file.playground; path = ViewPlayground.playground; sourceTree = "<group>"; };
		D2352E521E2A0CDF00303424 /* BaseOperation.swift */ = {isa = PBXFileReference; fileEncoding = 4; lastKnownFileType = sourcecode.swift; path = BaseOperation.swift; sourceTree = "<group>"; };
/* End PBXFileReference section */

/* Begin PBXFrameworksBuildPhase section */
		4D62FF2D1E2955B100E8C793 /* Frameworks */ = {
			isa = PBXFrameworksBuildPhase;
			buildActionMask = 2147483647;
			files = (
			);
			runOnlyForDeploymentPostprocessing = 0;
		};
		D2352E021E27EC9C00303424 /* Frameworks */ = {
			isa = PBXFrameworksBuildPhase;
			buildActionMask = 2147483647;
			files = (
				D2352E3C1E27F37100303424 /* Alamofire.framework in Frameworks */,
				D2352E3D1E27F37100303424 /* Kanna.framework in Frameworks */,
				D2352E3E1E27F37100303424 /* Realm.framework in Frameworks */,
				D2352E3F1E27F37100303424 /* RealmSwift.framework in Frameworks */,
			);
			runOnlyForDeploymentPostprocessing = 0;
		};
		D2352E161E27EC9D00303424 /* Frameworks */ = {
			isa = PBXFrameworksBuildPhase;
			buildActionMask = 2147483647;
			files = (
			);
			runOnlyForDeploymentPostprocessing = 0;
		};
/* End PBXFrameworksBuildPhase section */

/* Begin PBXGroup section */
		4D62FF171E2943DD00E8C793 /* entity */ = {
			isa = PBXGroup;
			children = (
				D2352E2E1E27EFDF00303424 /* ClassificationResult.swift */,
				D2352E2F1E27EFDF00303424 /* ClassificationRow.swift */,
				D2352E301E27EFDF00303424 /* ClassificationTable.swift */,
			);
			name = entity;
			sourceTree = "<group>";
		};
		4D62FF311E2955B100E8C793 /* fit-checkerTests */ = {
			isa = PBXGroup;
			children = (
				4D62FF431E29565700E8C793 /* resources */,
				4D62FF3B1E2955EF00E8C793 /* utils */,
				4D62FF321E2955B100E8C793 /* fit_checkerTests.swift */,
				4D62FF341E2955B100E8C793 /* Info.plist */,
			);
			path = "fit-checkerTests";
			sourceTree = "<group>";
		};
		4D62FF3B1E2955EF00E8C793 /* utils */ = {
			isa = PBXGroup;
			children = (
				4D62FF3C1E2955F800E8C793 /* edux-parser */,
			);
			name = utils;
			sourceTree = "<group>";
		};
		4D62FF3C1E2955F800E8C793 /* edux-parser */ = {
			isa = PBXGroup;
			children = (
				4D62FF3D1E29561500E8C793 /* ClassificationParserTest.swift */,
			);
			name = "edux-parser";
			sourceTree = "<group>";
		};
		4D62FF431E29565700E8C793 /* resources */ = {
			isa = PBXGroup;
			children = (
				4D62FF401E29562400E8C793 /* biomo.html */,
			);
			name = resources;
			sourceTree = "<group>";
		};
		D2352DFC1E27EC9C00303424 = {
			isa = PBXGroup;
			children = (
				D2352E1C1E27EC9D00303424 /* fit-checkerUITests */,
				D2352E071E27EC9C00303424 /* fit-checker */,
				4D62FF311E2955B100E8C793 /* fit-checkerTests */,
				D2352E061E27EC9C00303424 /* Products */,
				D2352E371E27F37100303424 /* Frameworks */,
				4D62FF2A1E29555300E8C793 /* fit-checkerUITests copy-Info.plist */,
			);
			sourceTree = "<group>";
		};
		D2352E061E27EC9C00303424 /* Products */ = {
			isa = PBXGroup;
			children = (
				D2352E051E27EC9C00303424 /* fit-checker.app */,
				D2352E191E27EC9D00303424 /* fit-checkerUITests.xctest */,
				4D62FF301E2955B100E8C793 /* fit-checkerTests.xctest */,
			);
			name = Products;
			sourceTree = "<group>";
		};
		D2352E071E27EC9C00303424 /* fit-checker */ = {
			isa = PBXGroup;
			children = (
				D2352E2B1E27EE7A00303424 /* supporting-files */,
				D2352E401E2847E500303424 /* networking */,
				D2352E2C1E27EF8800303424 /* utils */,
				D2352E281E27ECBF00303424 /* model */,
				D2352E291E27ECC400303424 /* view */,
				D2352E2A1E27ECCA00303424 /* controller */,
			);
			path = "fit-checker";
			sourceTree = "<group>";
		};
		D2352E1C1E27EC9D00303424 /* fit-checkerUITests */ = {
			isa = PBXGroup;
			children = (
				D2352E1D1E27EC9D00303424 /* fit_checkerUITests.swift */,
				D2352E1F1E27EC9D00303424 /* Info.plist */,
			);
			path = "fit-checkerUITests";
			sourceTree = "<group>";
		};
		D2352E281E27ECBF00303424 /* model */ = {
			isa = PBXGroup;
			children = (
			);
			path = model;
			sourceTree = "<group>";
		};
		D2352E291E27ECC400303424 /* view */ = {
			isa = PBXGroup;
			children = (
			);
			path = view;
			sourceTree = "<group>";
		};
		D2352E2A1E27ECCA00303424 /* controller */ = {
			isa = PBXGroup;
			children = (
				D2352E0A1E27EC9C00303424 /* ViewController.swift */,
				D2352E4F1E29820900303424 /* LoginViewController.swift */,
			);
			path = controller;
			sourceTree = "<group>";
		};
		D2352E2B1E27EE7A00303424 /* supporting-files */ = {
			isa = PBXGroup;
			children = (
				D2352E081E27EC9C00303424 /* AppDelegate.swift */,
				D2352E0F1E27EC9C00303424 /* Assets.xcassets */,
				D2352E111E27EC9C00303424 /* LaunchScreen.storyboard */,
				D2352E141E27EC9C00303424 /* Info.plist */,
				D2352E511E298D7200303424 /* ViewPlayground.playground */,
			);
			name = "supporting-files";
			sourceTree = "<group>";
		};
		D2352E2C1E27EF8800303424 /* utils */ = {
			isa = PBXGroup;
			children = (
				D2352E2D1E27EFA700303424 /* edux-parser */,
			);
			path = utils;
			sourceTree = "<group>";
		};
		D2352E2D1E27EFA700303424 /* edux-parser */ = {
			isa = PBXGroup;
			children = (
				4D62FF171E2943DD00E8C793 /* entity */,
				D2352E311E27EFDF00303424 /* ClasificationParsing.swift */,
				4D62FF151E2942BA00E8C793 /* ClassificationParser.swift */,
			);
			name = "edux-parser";
			path = "edux parser";
			sourceTree = "<group>";
		};
		D2352E371E27F37100303424 /* Frameworks */ = {
			isa = PBXGroup;
			children = (
				D2352E381E27F37100303424 /* Alamofire.framework */,
				D2352E391E27F37100303424 /* Kanna.framework */,
				D2352E3A1E27F37100303424 /* Realm.framework */,
				D2352E3B1E27F37100303424 /* RealmSwift.framework */,
			);
			name = Frameworks;
			sourceTree = "<group>";
		};
		D2352E401E2847E500303424 /* networking */ = {
			isa = PBXGroup;
			children = (
				D2352E451E284E3500303424 /* operations */,
				D2352E411E28481200303424 /* NetworkController.swift */,
				D2352E431E28487700303424 /* EduxRouter.swift */,
			);
			path = networking;
			sourceTree = "<group>";
		};
		D2352E451E284E3500303424 /* operations */ = {
			isa = PBXGroup;
			children = (
				D2352E461E284E5A00303424 /* EduxLoginOperation.swift */,
				D2352E481E284EA300303424 /* ReadCourseClassificationOperation.swift */,
				D2352E4A1E284EBC00303424 /* ReadCourseListOperation.swift */,
				D2352E521E2A0CDF00303424 /* BaseOperation.swift */,
			);
			path = operations;
			sourceTree = "<group>";
		};
/* End PBXGroup section */

/* Begin PBXNativeTarget section */
		4D62FF2F1E2955B100E8C793 /* fit-checkerTests */ = {
			isa = PBXNativeTarget;
			buildConfigurationList = 4D62FF371E2955B100E8C793 /* Build configuration list for PBXNativeTarget "fit-checkerTests" */;
			buildPhases = (
				4D62FF2C1E2955B100E8C793 /* Sources */,
				4D62FF2D1E2955B100E8C793 /* Frameworks */,
				4D62FF2E1E2955B100E8C793 /* Resources */,
			);
			buildRules = (
			);
			dependencies = (
				4D62FF361E2955B100E8C793 /* PBXTargetDependency */,
			);
			name = "fit-checkerTests";
			productName = "fit-checkerTests";
			productReference = 4D62FF301E2955B100E8C793 /* fit-checkerTests.xctest */;
			productType = "com.apple.product-type.bundle.unit-test";
		};
		D2352E041E27EC9C00303424 /* fit-checker */ = {
			isa = PBXNativeTarget;
			buildConfigurationList = D2352E221E27EC9D00303424 /* Build configuration list for PBXNativeTarget "fit-checker" */;
			buildPhases = (
				D2352E011E27EC9C00303424 /* Sources */,
				D2352E021E27EC9C00303424 /* Frameworks */,
				D2352E031E27EC9C00303424 /* Resources */,
				D2352E361E27F1A400303424 /* Carthage */,
			);
			buildRules = (
			);
			dependencies = (
			);
			name = "fit-checker";
			productName = "fit-checker";
			productReference = D2352E051E27EC9C00303424 /* fit-checker.app */;
			productType = "com.apple.product-type.application";
		};
		D2352E181E27EC9D00303424 /* fit-checkerUITests */ = {
			isa = PBXNativeTarget;
			buildConfigurationList = D2352E251E27EC9D00303424 /* Build configuration list for PBXNativeTarget "fit-checkerUITests" */;
			buildPhases = (
				D2352E151E27EC9D00303424 /* Sources */,
				D2352E161E27EC9D00303424 /* Frameworks */,
				D2352E171E27EC9D00303424 /* Resources */,
			);
			buildRules = (
			);
			dependencies = (
				D2352E1B1E27EC9D00303424 /* PBXTargetDependency */,
			);
			name = "fit-checkerUITests";
			productName = "fit-checkerUITests";
			productReference = D2352E191E27EC9D00303424 /* fit-checkerUITests.xctest */;
			productType = "com.apple.product-type.bundle.ui-testing";
		};
/* End PBXNativeTarget section */

/* Begin PBXProject section */
		D2352DFD1E27EC9C00303424 /* Project object */ = {
			isa = PBXProject;
			attributes = {
				LastSwiftUpdateCheck = 0820;
				LastUpgradeCheck = 0820;
				ORGANIZATIONNAME = "Josef Dolezal";
				TargetAttributes = {
					4D62FF2F1E2955B100E8C793 = {
						CreatedOnToolsVersion = 8.2.1;
						ProvisioningStyle = Automatic;
						TestTargetID = D2352E041E27EC9C00303424;
					};
					D2352E041E27EC9C00303424 = {
						CreatedOnToolsVersion = 8.2.1;
						ProvisioningStyle = Automatic;
					};
					D2352E181E27EC9D00303424 = {
						CreatedOnToolsVersion = 8.2.1;
						ProvisioningStyle = Automatic;
						TestTargetID = D2352E041E27EC9C00303424;
					};
				};
			};
			buildConfigurationList = D2352E001E27EC9C00303424 /* Build configuration list for PBXProject "fit-checker" */;
			compatibilityVersion = "Xcode 3.2";
			developmentRegion = English;
			hasScannedForEncodings = 0;
			knownRegions = (
				en,
				Base,
			);
			mainGroup = D2352DFC1E27EC9C00303424;
			productRefGroup = D2352E061E27EC9C00303424 /* Products */;
			projectDirPath = "";
			projectRoot = "";
			targets = (
				D2352E041E27EC9C00303424 /* fit-checker */,
				D2352E181E27EC9D00303424 /* fit-checkerUITests */,
				4D62FF2F1E2955B100E8C793 /* fit-checkerTests */,
			);
		};
/* End PBXProject section */

/* Begin PBXResourcesBuildPhase section */
		4D62FF2E1E2955B100E8C793 /* Resources */ = {
			isa = PBXResourcesBuildPhase;
			buildActionMask = 2147483647;
			files = (
				4D62FF411E29562400E8C793 /* biomo.html in Resources */,
			);
			runOnlyForDeploymentPostprocessing = 0;
		};
		D2352E031E27EC9C00303424 /* Resources */ = {
			isa = PBXResourcesBuildPhase;
			buildActionMask = 2147483647;
			files = (
				D2352E131E27EC9C00303424 /* LaunchScreen.storyboard in Resources */,
				D2352E101E27EC9C00303424 /* Assets.xcassets in Resources */,
			);
			runOnlyForDeploymentPostprocessing = 0;
		};
		D2352E171E27EC9D00303424 /* Resources */ = {
			isa = PBXResourcesBuildPhase;
			buildActionMask = 2147483647;
			files = (
			);
			runOnlyForDeploymentPostprocessing = 0;
		};
/* End PBXResourcesBuildPhase section */

/* Begin PBXShellScriptBuildPhase section */
		D2352E361E27F1A400303424 /* Carthage */ = {
			isa = PBXShellScriptBuildPhase;
			buildActionMask = 2147483647;
			files = (
			);
			inputPaths = (
				"$(SRCROOT)/Carthage/Build/iOS/Realm.framework",
				"$(SRCROOT)/Carthage/Build/iOS/RealmSwift.framework",
				"$(SRCROOT)/Carthage/Build/iOS/Alamofire.framework",
				"$(SRCROOT)/Carthage/Build/iOS/Kanna.framework",
			);
			name = Carthage;
			outputPaths = (
			);
			runOnlyForDeploymentPostprocessing = 0;
			shellPath = /bin/sh;
			shellScript = "/usr/local/bin/carthage copy-frameworks";
		};
/* End PBXShellScriptBuildPhase section */

/* Begin PBXSourcesBuildPhase section */
		4D62FF2C1E2955B100E8C793 /* Sources */ = {
			isa = PBXSourcesBuildPhase;
			buildActionMask = 2147483647;
			files = (
				4D62FF331E2955B100E8C793 /* fit_checkerTests.swift in Sources */,
			);
			runOnlyForDeploymentPostprocessing = 0;
		};
		D2352E011E27EC9C00303424 /* Sources */ = {
			isa = PBXSourcesBuildPhase;
			buildActionMask = 2147483647;
			files = (
				D2352E501E29820900303424 /* LoginViewController.swift in Sources */,
				D2352E351E27EFDF00303424 /* ClasificationParsing.swift in Sources */,
				D2352E321E27EFDF00303424 /* ClassificationResult.swift in Sources */,
				D2352E331E27EFDF00303424 /* ClassificationRow.swift in Sources */,
				D2352E091E27EC9C00303424 /* AppDelegate.swift in Sources */,
				D2352E341E27EFDF00303424 /* ClassificationTable.swift in Sources */,
				4D62FF161E2942BA00E8C793 /* ClassificationParser.swift in Sources */,
				D2352E491E284EA300303424 /* ReadCourseClassificationOperation.swift in Sources */,
				D2352E531E2A0CDF00303424 /* BaseOperation.swift in Sources */,
				D2352E441E28487700303424 /* EduxRouter.swift in Sources */,
				D2352E0B1E27EC9C00303424 /* ViewController.swift in Sources */,
				D2352E471E284E5A00303424 /* EduxLoginOperation.swift in Sources */,
				D2352E4B1E284EBC00303424 /* ReadCourseListOperation.swift in Sources */,
				D2352E421E28481200303424 /* NetworkController.swift in Sources */,
			);
			runOnlyForDeploymentPostprocessing = 0;
		};
		D2352E151E27EC9D00303424 /* Sources */ = {
			isa = PBXSourcesBuildPhase;
			buildActionMask = 2147483647;
			files = (
				D2352E1E1E27EC9D00303424 /* fit_checkerUITests.swift in Sources */,
			);
			runOnlyForDeploymentPostprocessing = 0;
		};
/* End PBXSourcesBuildPhase section */

/* Begin PBXTargetDependency section */
		4D62FF361E2955B100E8C793 /* PBXTargetDependency */ = {
			isa = PBXTargetDependency;
			target = D2352E041E27EC9C00303424 /* fit-checker */;
			targetProxy = 4D62FF351E2955B100E8C793 /* PBXContainerItemProxy */;
		};
		D2352E1B1E27EC9D00303424 /* PBXTargetDependency */ = {
			isa = PBXTargetDependency;
			target = D2352E041E27EC9C00303424 /* fit-checker */;
			targetProxy = D2352E1A1E27EC9D00303424 /* PBXContainerItemProxy */;
		};
/* End PBXTargetDependency section */

/* Begin PBXVariantGroup section */
		D2352E111E27EC9C00303424 /* LaunchScreen.storyboard */ = {
			isa = PBXVariantGroup;
			children = (
				D2352E121E27EC9C00303424 /* Base */,
			);
			name = LaunchScreen.storyboard;
			sourceTree = "<group>";
		};
/* End PBXVariantGroup section */

/* Begin XCBuildConfiguration section */
		4D62FF381E2955B100E8C793 /* Debug */ = {
			isa = XCBuildConfiguration;
			buildSettings = {
				BUNDLE_LOADER = "$(TEST_HOST)";
				INFOPLIST_FILE = "fit-checkerTests/Info.plist";
				LD_RUNPATH_SEARCH_PATHS = "$(inherited) @executable_path/Frameworks @loader_path/Frameworks";
				PRODUCT_BUNDLE_IDENTIFIER = "cvut.fit.fit-checkerTests";
				PRODUCT_NAME = "$(TARGET_NAME)";
				SWIFT_VERSION = 3.0;
				TEST_HOST = "$(BUILT_PRODUCTS_DIR)/fit-checker.app/fit-checker";
			};
			name = Debug;
		};
		4D62FF391E2955B100E8C793 /* Release */ = {
			isa = XCBuildConfiguration;
			buildSettings = {
				BUNDLE_LOADER = "$(TEST_HOST)";
				INFOPLIST_FILE = "fit-checkerTests/Info.plist";
				LD_RUNPATH_SEARCH_PATHS = "$(inherited) @executable_path/Frameworks @loader_path/Frameworks";
				PRODUCT_BUNDLE_IDENTIFIER = "cvut.fit.fit-checkerTests";
				PRODUCT_NAME = "$(TARGET_NAME)";
				SWIFT_VERSION = 3.0;
				TEST_HOST = "$(BUILT_PRODUCTS_DIR)/fit-checker.app/fit-checker";
			};
			name = Release;
		};
		D2352E201E27EC9D00303424 /* Debug */ = {
			isa = XCBuildConfiguration;
			buildSettings = {
				ALWAYS_SEARCH_USER_PATHS = NO;
				CLANG_ANALYZER_NONNULL = YES;
				CLANG_CXX_LANGUAGE_STANDARD = "gnu++0x";
				CLANG_CXX_LIBRARY = "libc++";
				CLANG_ENABLE_MODULES = YES;
				CLANG_ENABLE_OBJC_ARC = YES;
				CLANG_WARN_BOOL_CONVERSION = YES;
				CLANG_WARN_CONSTANT_CONVERSION = YES;
				CLANG_WARN_DIRECT_OBJC_ISA_USAGE = YES_ERROR;
				CLANG_WARN_DOCUMENTATION_COMMENTS = YES;
				CLANG_WARN_EMPTY_BODY = YES;
				CLANG_WARN_ENUM_CONVERSION = YES;
				CLANG_WARN_INFINITE_RECURSION = YES;
				CLANG_WARN_INT_CONVERSION = YES;
				CLANG_WARN_OBJC_ROOT_CLASS = YES_ERROR;
				CLANG_WARN_SUSPICIOUS_MOVE = YES;
				CLANG_WARN_UNREACHABLE_CODE = YES;
				CLANG_WARN__DUPLICATE_METHOD_MATCH = YES;
				"CODE_SIGN_IDENTITY[sdk=iphoneos*]" = "iPhone Developer";
				COPY_PHASE_STRIP = NO;
				DEBUG_INFORMATION_FORMAT = dwarf;
				ENABLE_STRICT_OBJC_MSGSEND = YES;
				ENABLE_TESTABILITY = YES;
				GCC_C_LANGUAGE_STANDARD = gnu99;
				GCC_DYNAMIC_NO_PIC = NO;
				GCC_NO_COMMON_BLOCKS = YES;
				GCC_OPTIMIZATION_LEVEL = 0;
				GCC_PREPROCESSOR_DEFINITIONS = (
					"DEBUG=1",
					"$(inherited)",
				);
				GCC_WARN_64_TO_32_BIT_CONVERSION = YES;
				GCC_WARN_ABOUT_RETURN_TYPE = YES_ERROR;
				GCC_WARN_UNDECLARED_SELECTOR = YES;
				GCC_WARN_UNINITIALIZED_AUTOS = YES_AGGRESSIVE;
				GCC_WARN_UNUSED_FUNCTION = YES;
				GCC_WARN_UNUSED_VARIABLE = YES;
				IPHONEOS_DEPLOYMENT_TARGET = 10.2;
				MTL_ENABLE_DEBUG_INFO = YES;
				ONLY_ACTIVE_ARCH = YES;
				SDKROOT = iphoneos;
				SWIFT_ACTIVE_COMPILATION_CONDITIONS = DEBUG;
				SWIFT_OPTIMIZATION_LEVEL = "-Onone";
				TARGETED_DEVICE_FAMILY = "1,2";
			};
			name = Debug;
		};
		D2352E211E27EC9D00303424 /* Release */ = {
			isa = XCBuildConfiguration;
			buildSettings = {
				ALWAYS_SEARCH_USER_PATHS = NO;
				CLANG_ANALYZER_NONNULL = YES;
				CLANG_CXX_LANGUAGE_STANDARD = "gnu++0x";
				CLANG_CXX_LIBRARY = "libc++";
				CLANG_ENABLE_MODULES = YES;
				CLANG_ENABLE_OBJC_ARC = YES;
				CLANG_WARN_BOOL_CONVERSION = YES;
				CLANG_WARN_CONSTANT_CONVERSION = YES;
				CLANG_WARN_DIRECT_OBJC_ISA_USAGE = YES_ERROR;
				CLANG_WARN_DOCUMENTATION_COMMENTS = YES;
				CLANG_WARN_EMPTY_BODY = YES;
				CLANG_WARN_ENUM_CONVERSION = YES;
				CLANG_WARN_INFINITE_RECURSION = YES;
				CLANG_WARN_INT_CONVERSION = YES;
				CLANG_WARN_OBJC_ROOT_CLASS = YES_ERROR;
				CLANG_WARN_SUSPICIOUS_MOVE = YES;
				CLANG_WARN_UNREACHABLE_CODE = YES;
				CLANG_WARN__DUPLICATE_METHOD_MATCH = YES;
				"CODE_SIGN_IDENTITY[sdk=iphoneos*]" = "iPhone Developer";
				COPY_PHASE_STRIP = NO;
				DEBUG_INFORMATION_FORMAT = "dwarf-with-dsym";
				ENABLE_NS_ASSERTIONS = NO;
				ENABLE_STRICT_OBJC_MSGSEND = YES;
				GCC_C_LANGUAGE_STANDARD = gnu99;
				GCC_NO_COMMON_BLOCKS = YES;
				GCC_WARN_64_TO_32_BIT_CONVERSION = YES;
				GCC_WARN_ABOUT_RETURN_TYPE = YES_ERROR;
				GCC_WARN_UNDECLARED_SELECTOR = YES;
				GCC_WARN_UNINITIALIZED_AUTOS = YES_AGGRESSIVE;
				GCC_WARN_UNUSED_FUNCTION = YES;
				GCC_WARN_UNUSED_VARIABLE = YES;
				IPHONEOS_DEPLOYMENT_TARGET = 10.2;
				MTL_ENABLE_DEBUG_INFO = NO;
				SDKROOT = iphoneos;
				SWIFT_OPTIMIZATION_LEVEL = "-Owholemodule";
				TARGETED_DEVICE_FAMILY = "1,2";
				VALIDATE_PRODUCT = YES;
			};
			name = Release;
		};
		D2352E231E27EC9D00303424 /* Debug */ = {
			isa = XCBuildConfiguration;
			buildSettings = {
				ASSETCATALOG_COMPILER_APPICON_NAME = AppIcon;
				FRAMEWORK_SEARCH_PATHS = (
					"$(inherited)",
					"$(PROJECT_DIR)/Carthage/Build/iOS",
				);
				HEADER_SEARCH_PATHS = "$(SDKROOT)/usr/include/libxml2";
				INFOPLIST_FILE = "fit-checker/Info.plist";
				LD_RUNPATH_SEARCH_PATHS = "$(inherited) @executable_path/Frameworks";
				PRODUCT_BUNDLE_IDENTIFIER = "cz.fit.cvut.fit-checker";
				PRODUCT_NAME = "$(TARGET_NAME)";
				SWIFT_VERSION = 3.0;
				TARGETED_DEVICE_FAMILY = 1;
			};
			name = Debug;
		};
		D2352E241E27EC9D00303424 /* Release */ = {
			isa = XCBuildConfiguration;
			buildSettings = {
				ASSETCATALOG_COMPILER_APPICON_NAME = AppIcon;
				FRAMEWORK_SEARCH_PATHS = (
					"$(inherited)",
					"$(PROJECT_DIR)/Carthage/Build/iOS",
				);
				HEADER_SEARCH_PATHS = "$(SDKROOT)/usr/include/libxml2";
				INFOPLIST_FILE = "fit-checker/Info.plist";
				LD_RUNPATH_SEARCH_PATHS = "$(inherited) @executable_path/Frameworks";
				PRODUCT_BUNDLE_IDENTIFIER = "cz.fit.cvut.fit-checker";
				PRODUCT_NAME = "$(TARGET_NAME)";
				SWIFT_VERSION = 3.0;
				TARGETED_DEVICE_FAMILY = 1;
			};
			name = Release;
		};
		D2352E261E27EC9D00303424 /* Debug */ = {
			isa = XCBuildConfiguration;
			buildSettings = {
				ALWAYS_EMBED_SWIFT_STANDARD_LIBRARIES = YES;
				INFOPLIST_FILE = "fit-checkerUITests/Info.plist";
				LD_RUNPATH_SEARCH_PATHS = "$(inherited) @executable_path/Frameworks @loader_path/Frameworks";
				PRODUCT_BUNDLE_IDENTIFIER = "cz.fit.cvut.fit-checkerUITests";
				PRODUCT_NAME = "$(TARGET_NAME)";
				SWIFT_VERSION = 3.0;
				TEST_TARGET_NAME = "fit-checker";
			};
			name = Debug;
		};
		D2352E271E27EC9D00303424 /* Release */ = {
			isa = XCBuildConfiguration;
			buildSettings = {
				ALWAYS_EMBED_SWIFT_STANDARD_LIBRARIES = YES;
				INFOPLIST_FILE = "fit-checkerUITests/Info.plist";
				LD_RUNPATH_SEARCH_PATHS = "$(inherited) @executable_path/Frameworks @loader_path/Frameworks";
				PRODUCT_BUNDLE_IDENTIFIER = "cz.fit.cvut.fit-checkerUITests";
				PRODUCT_NAME = "$(TARGET_NAME)";
				SWIFT_VERSION = 3.0;
				TEST_TARGET_NAME = "fit-checker";
			};
			name = Release;
		};
/* End XCBuildConfiguration section */

/* Begin XCConfigurationList section */
		4D62FF371E2955B100E8C793 /* Build configuration list for PBXNativeTarget "fit-checkerTests" */ = {
			isa = XCConfigurationList;
			buildConfigurations = (
				4D62FF381E2955B100E8C793 /* Debug */,
				4D62FF391E2955B100E8C793 /* Release */,
			);
			defaultConfigurationIsVisible = 0;
			defaultConfigurationName = Release;
		};
		D2352E001E27EC9C00303424 /* Build configuration list for PBXProject "fit-checker" */ = {
			isa = XCConfigurationList;
			buildConfigurations = (
				D2352E201E27EC9D00303424 /* Debug */,
				D2352E211E27EC9D00303424 /* Release */,
			);
			defaultConfigurationIsVisible = 0;
			defaultConfigurationName = Release;
		};
		D2352E221E27EC9D00303424 /* Build configuration list for PBXNativeTarget "fit-checker" */ = {
			isa = XCConfigurationList;
			buildConfigurations = (
				D2352E231E27EC9D00303424 /* Debug */,
				D2352E241E27EC9D00303424 /* Release */,
			);
			defaultConfigurationIsVisible = 0;
			defaultConfigurationName = Release;
		};
		D2352E251E27EC9D00303424 /* Build configuration list for PBXNativeTarget "fit-checkerUITests" */ = {
			isa = XCConfigurationList;
			buildConfigurations = (
				D2352E261E27EC9D00303424 /* Debug */,
				D2352E271E27EC9D00303424 /* Release */,
			);
			defaultConfigurationIsVisible = 0;
			defaultConfigurationName = Release;
		};
/* End XCConfigurationList section */
	};
	rootObject = D2352DFD1E27EC9C00303424 /* Project object */;
}
