// !$*UTF8*$!
{
	archiveVersion = 1;
	classes = {
	};
	objectVersion = 46;
	objects = {

/* Begin PBXBuildFile section */
		4DF6D18B1D019A210017D144 /* AppDelegate.swift in Sources */ = {isa = PBXBuildFile; fileRef = 4DF6D18A1D019A210017D144 /* AppDelegate.swift */; };
		4DF6D1941D019A210017D144 /* Assets.xcassets in Resources */ = {isa = PBXBuildFile; fileRef = 4DF6D1931D019A210017D144 /* Assets.xcassets */; };
		4DF6D1A21D019A210017D144 /* fit_checker_2_0Tests.swift in Sources */ = {isa = PBXBuildFile; fileRef = 4DF6D1A11D019A210017D144 /* fit_checker_2_0Tests.swift */; };
		4DF6D1AD1D019A210017D144 /* fit_checker_2_0UITests.swift in Sources */ = {isa = PBXBuildFile; fileRef = 4DF6D1AC1D019A210017D144 /* fit_checker_2_0UITests.swift */; };
		4DF6D1C01D02B9110017D144 /* LoginView.swift in Sources */ = {isa = PBXBuildFile; fileRef = 4DF6D1BF1D02B9110017D144 /* LoginView.swift */; };
		4DF6D1C21D02BA020017D144 /* LoginViewModel.swift in Sources */ = {isa = PBXBuildFile; fileRef = 4DF6D1C11D02BA020017D144 /* LoginViewModel.swift */; };
/* End PBXBuildFile section */

/* Begin PBXContainerItemProxy section */
		4DF6D19E1D019A210017D144 /* PBXContainerItemProxy */ = {
			isa = PBXContainerItemProxy;
			containerPortal = 4DF6D17F1D019A200017D144 /* Project object */;
			proxyType = 1;
			remoteGlobalIDString = 4DF6D1861D019A210017D144;
			remoteInfo = "fit-checker-2.0";
		};
		4DF6D1A91D019A210017D144 /* PBXContainerItemProxy */ = {
			isa = PBXContainerItemProxy;
			containerPortal = 4DF6D17F1D019A200017D144 /* Project object */;
			proxyType = 1;
			remoteGlobalIDString = 4DF6D1861D019A210017D144;
			remoteInfo = "fit-checker-2.0";
		};
/* End PBXContainerItemProxy section */

/* Begin PBXFileReference section */
		4DF6D1871D019A210017D144 /* fit-checker-2.0.app */ = {isa = PBXFileReference; explicitFileType = wrapper.application; includeInIndex = 0; path = "fit-checker-2.0.app"; sourceTree = BUILT_PRODUCTS_DIR; };
		4DF6D18A1D019A210017D144 /* AppDelegate.swift */ = {isa = PBXFileReference; lastKnownFileType = sourcecode.swift; path = AppDelegate.swift; sourceTree = "<group>"; };
		4DF6D1931D019A210017D144 /* Assets.xcassets */ = {isa = PBXFileReference; lastKnownFileType = folder.assetcatalog; path = Assets.xcassets; sourceTree = "<group>"; };
		4DF6D1981D019A210017D144 /* Info.plist */ = {isa = PBXFileReference; lastKnownFileType = text.plist.xml; path = Info.plist; sourceTree = "<group>"; };
		4DF6D19D1D019A210017D144 /* fit-checker-2.0Tests.xctest */ = {isa = PBXFileReference; explicitFileType = wrapper.cfbundle; includeInIndex = 0; path = "fit-checker-2.0Tests.xctest"; sourceTree = BUILT_PRODUCTS_DIR; };
		4DF6D1A11D019A210017D144 /* fit_checker_2_0Tests.swift */ = {isa = PBXFileReference; lastKnownFileType = sourcecode.swift; path = fit_checker_2_0Tests.swift; sourceTree = "<group>"; };
		4DF6D1A31D019A210017D144 /* Info.plist */ = {isa = PBXFileReference; lastKnownFileType = text.plist.xml; path = Info.plist; sourceTree = "<group>"; };
		4DF6D1A81D019A210017D144 /* fit-checker-2.0UITests.xctest */ = {isa = PBXFileReference; explicitFileType = wrapper.cfbundle; includeInIndex = 0; path = "fit-checker-2.0UITests.xctest"; sourceTree = BUILT_PRODUCTS_DIR; };
		4DF6D1AC1D019A210017D144 /* fit_checker_2_0UITests.swift */ = {isa = PBXFileReference; lastKnownFileType = sourcecode.swift; path = fit_checker_2_0UITests.swift; sourceTree = "<group>"; };
		4DF6D1AE1D019A210017D144 /* Info.plist */ = {isa = PBXFileReference; lastKnownFileType = text.plist.xml; path = Info.plist; sourceTree = "<group>"; };
		4DF6D1BF1D02B9110017D144 /* LoginView.swift */ = {isa = PBXFileReference; fileEncoding = 4; lastKnownFileType = sourcecode.swift; name = LoginView.swift; path = View/LoginView.swift; sourceTree = "<group>"; };
		4DF6D1C11D02BA020017D144 /* LoginViewModel.swift */ = {isa = PBXFileReference; fileEncoding = 4; lastKnownFileType = sourcecode.swift; name = LoginViewModel.swift; path = ViewModel/LoginViewModel.swift; sourceTree = "<group>"; };
/* End PBXFileReference section */

/* Begin PBXFrameworksBuildPhase section */
		4DF6D1841D019A210017D144 /* Frameworks */ = {
			isa = PBXFrameworksBuildPhase;
			buildActionMask = 2147483647;
			files = (
			);
			runOnlyForDeploymentPostprocessing = 0;
		};
		4DF6D19A1D019A210017D144 /* Frameworks */ = {
			isa = PBXFrameworksBuildPhase;
			buildActionMask = 2147483647;
			files = (
			);
			runOnlyForDeploymentPostprocessing = 0;
		};
		4DF6D1A51D019A210017D144 /* Frameworks */ = {
			isa = PBXFrameworksBuildPhase;
			buildActionMask = 2147483647;
			files = (
			);
			runOnlyForDeploymentPostprocessing = 0;
		};
/* End PBXFrameworksBuildPhase section */

/* Begin PBXGroup section */
		4DF6D17E1D019A200017D144 = {
			isa = PBXGroup;
			children = (
				4DF6D1891D019A210017D144 /* fit-checker-2.0 */,
				4DF6D1A01D019A210017D144 /* fit-checker-2.0Tests */,
				4DF6D1AB1D019A210017D144 /* fit-checker-2.0UITests */,
				4DF6D1881D019A210017D144 /* Products */,
			);
			sourceTree = "<group>";
		};
		4DF6D1881D019A210017D144 /* Products */ = {
			isa = PBXGroup;
			children = (
				4DF6D1871D019A210017D144 /* fit-checker-2.0.app */,
				4DF6D19D1D019A210017D144 /* fit-checker-2.0Tests.xctest */,
				4DF6D1A81D019A210017D144 /* fit-checker-2.0UITests.xctest */,
			);
			name = Products;
			sourceTree = "<group>";
		};
		4DF6D1891D019A210017D144 /* fit-checker-2.0 */ = {
			isa = PBXGroup;
			children = (
				4DF6D1BE1D02B8890017D144 /* Model */,
				4DF6D1BD1D02B8820017D144 /* ViewModel */,
				4DF6D1BC1D02B87E0017D144 /* View */,
				4DF6D18A1D019A210017D144 /* AppDelegate.swift */,
				4DF6D1931D019A210017D144 /* Assets.xcassets */,
				4DF6D1981D019A210017D144 /* Info.plist */,
			);
			path = "fit-checker-2.0";
			sourceTree = "<group>";
		};
		4DF6D1A01D019A210017D144 /* fit-checker-2.0Tests */ = {
			isa = PBXGroup;
			children = (
				4DF6D1A11D019A210017D144 /* fit_checker_2_0Tests.swift */,
				4DF6D1A31D019A210017D144 /* Info.plist */,
			);
			path = "fit-checker-2.0Tests";
			sourceTree = "<group>";
		};
		4DF6D1AB1D019A210017D144 /* fit-checker-2.0UITests */ = {
			isa = PBXGroup;
			children = (
				4DF6D1AC1D019A210017D144 /* fit_checker_2_0UITests.swift */,
				4DF6D1AE1D019A210017D144 /* Info.plist */,
			);
			path = "fit-checker-2.0UITests";
			sourceTree = "<group>";
		};
		4DF6D1BC1D02B87E0017D144 /* View */ = {
			isa = PBXGroup;
			children = (
				4DF6D1BF1D02B9110017D144 /* LoginView.swift */,
			);
			name = View;
			sourceTree = "<group>";
		};
		4DF6D1BD1D02B8820017D144 /* ViewModel */ = {
			isa = PBXGroup;
			children = (
				4DF6D1C11D02BA020017D144 /* LoginViewModel.swift */,
			);
			name = ViewModel;
			sourceTree = "<group>";
		};
		4DF6D1BE1D02B8890017D144 /* Model */ = {
			isa = PBXGroup;
			children = (
			);
			name = Model;
			sourceTree = "<group>";
		};
/* End PBXGroup section */

/* Begin PBXNativeTarget section */
		4DF6D1861D019A210017D144 /* fit-checker-2.0 */ = {
			isa = PBXNativeTarget;
			buildConfigurationList = 4DF6D1B11D019A210017D144 /* Build configuration list for PBXNativeTarget "fit-checker-2.0" */;
			buildPhases = (
				4DF6D1831D019A210017D144 /* Sources */,
				4DF6D1841D019A210017D144 /* Frameworks */,
				4DF6D1851D019A210017D144 /* Resources */,
			);
			buildRules = (
			);
			dependencies = (
			);
			name = "fit-checker-2.0";
			productName = "fit-checker-2.0";
			productReference = 4DF6D1871D019A210017D144 /* fit-checker-2.0.app */;
			productType = "com.apple.product-type.application";
		};
		4DF6D19C1D019A210017D144 /* fit-checker-2.0Tests */ = {
			isa = PBXNativeTarget;
			buildConfigurationList = 4DF6D1B41D019A210017D144 /* Build configuration list for PBXNativeTarget "fit-checker-2.0Tests" */;
			buildPhases = (
				4DF6D1991D019A210017D144 /* Sources */,
				4DF6D19A1D019A210017D144 /* Frameworks */,
				4DF6D19B1D019A210017D144 /* Resources */,
			);
			buildRules = (
			);
			dependencies = (
				4DF6D19F1D019A210017D144 /* PBXTargetDependency */,
			);
			name = "fit-checker-2.0Tests";
			productName = "fit-checker-2.0Tests";
			productReference = 4DF6D19D1D019A210017D144 /* fit-checker-2.0Tests.xctest */;
			productType = "com.apple.product-type.bundle.unit-test";
		};
		4DF6D1A71D019A210017D144 /* fit-checker-2.0UITests */ = {
			isa = PBXNativeTarget;
			buildConfigurationList = 4DF6D1B71D019A210017D144 /* Build configuration list for PBXNativeTarget "fit-checker-2.0UITests" */;
			buildPhases = (
				4DF6D1A41D019A210017D144 /* Sources */,
				4DF6D1A51D019A210017D144 /* Frameworks */,
				4DF6D1A61D019A210017D144 /* Resources */,
			);
			buildRules = (
			);
			dependencies = (
				4DF6D1AA1D019A210017D144 /* PBXTargetDependency */,
			);
			name = "fit-checker-2.0UITests";
			productName = "fit-checker-2.0UITests";
			productReference = 4DF6D1A81D019A210017D144 /* fit-checker-2.0UITests.xctest */;
			productType = "com.apple.product-type.bundle.ui-testing";
		};
/* End PBXNativeTarget section */

/* Begin PBXProject section */
		4DF6D17F1D019A200017D144 /* Project object */ = {
			isa = PBXProject;
			attributes = {
				LastSwiftUpdateCheck = 0730;
				LastUpgradeCheck = 0730;
				ORGANIZATIONNAME = jakubtucek;
				TargetAttributes = {
					4DF6D1861D019A210017D144 = {
						CreatedOnToolsVersion = 7.3.1;
						DevelopmentTeam = QEC369PJFV;
					};
					4DF6D19C1D019A210017D144 = {
						CreatedOnToolsVersion = 7.3.1;
						DevelopmentTeam = QEC369PJFV;
						TestTargetID = 4DF6D1861D019A210017D144;
					};
					4DF6D1A71D019A210017D144 = {
						CreatedOnToolsVersion = 7.3.1;
						DevelopmentTeam = QEC369PJFV;
						TestTargetID = 4DF6D1861D019A210017D144;
					};
				};
			};
			buildConfigurationList = 4DF6D1821D019A200017D144 /* Build configuration list for PBXProject "fit-checker-2.0" */;
			compatibilityVersion = "Xcode 3.2";
			developmentRegion = English;
			hasScannedForEncodings = 0;
			knownRegions = (
				en,
				Base,
			);
			mainGroup = 4DF6D17E1D019A200017D144;
			productRefGroup = 4DF6D1881D019A210017D144 /* Products */;
			projectDirPath = "";
			projectRoot = "";
			targets = (
				4DF6D1861D019A210017D144 /* fit-checker-2.0 */,
				4DF6D19C1D019A210017D144 /* fit-checker-2.0Tests */,
				4DF6D1A71D019A210017D144 /* fit-checker-2.0UITests */,
			);
		};
/* End PBXProject section */

/* Begin PBXResourcesBuildPhase section */
		4DF6D1851D019A210017D144 /* Resources */ = {
			isa = PBXResourcesBuildPhase;
			buildActionMask = 2147483647;
			files = (
				4DF6D1941D019A210017D144 /* Assets.xcassets in Resources */,
			);
			runOnlyForDeploymentPostprocessing = 0;
		};
		4DF6D19B1D019A210017D144 /* Resources */ = {
			isa = PBXResourcesBuildPhase;
			buildActionMask = 2147483647;
			files = (
			);
			runOnlyForDeploymentPostprocessing = 0;
		};
		4DF6D1A61D019A210017D144 /* Resources */ = {
			isa = PBXResourcesBuildPhase;
			buildActionMask = 2147483647;
			files = (
			);
			runOnlyForDeploymentPostprocessing = 0;
		};
/* End PBXResourcesBuildPhase section */

/* Begin PBXSourcesBuildPhase section */
		4DF6D1831D019A210017D144 /* Sources */ = {
			isa = PBXSourcesBuildPhase;
			buildActionMask = 2147483647;
			files = (
				4DF6D18B1D019A210017D144 /* AppDelegate.swift in Sources */,
				4DF6D1C01D02B9110017D144 /* LoginView.swift in Sources */,
				4DF6D1C21D02BA020017D144 /* LoginViewModel.swift in Sources */,
			);
			runOnlyForDeploymentPostprocessing = 0;
		};
		4DF6D1991D019A210017D144 /* Sources */ = {
			isa = PBXSourcesBuildPhase;
			buildActionMask = 2147483647;
			files = (
				4DF6D1A21D019A210017D144 /* fit_checker_2_0Tests.swift in Sources */,
			);
			runOnlyForDeploymentPostprocessing = 0;
		};
		4DF6D1A41D019A210017D144 /* Sources */ = {
			isa = PBXSourcesBuildPhase;
			buildActionMask = 2147483647;
			files = (
				4DF6D1AD1D019A210017D144 /* fit_checker_2_0UITests.swift in Sources */,
			);
			runOnlyForDeploymentPostprocessing = 0;
		};
/* End PBXSourcesBuildPhase section */

/* Begin PBXTargetDependency section */
		4DF6D19F1D019A210017D144 /* PBXTargetDependency */ = {
			isa = PBXTargetDependency;
			target = 4DF6D1861D019A210017D144 /* fit-checker-2.0 */;
			targetProxy = 4DF6D19E1D019A210017D144 /* PBXContainerItemProxy */;
		};
		4DF6D1AA1D019A210017D144 /* PBXTargetDependency */ = {
			isa = PBXTargetDependency;
			target = 4DF6D1861D019A210017D144 /* fit-checker-2.0 */;
			targetProxy = 4DF6D1A91D019A210017D144 /* PBXContainerItemProxy */;
		};
/* End PBXTargetDependency section */

/* Begin XCBuildConfiguration section */
		4DF6D1AF1D019A210017D144 /* Debug */ = {
			isa = XCBuildConfiguration;
			buildSettings = {
				ALWAYS_SEARCH_USER_PATHS = NO;
				CLANG_ANALYZER_NONNULL = YES;
				CLANG_CXX_LANGUAGE_STANDARD = "gnu++0x";
				CLANG_CXX_LIBRARY = "libc++";
				CLANG_ENABLE_MODULES = YES;
				CLANG_ENABLE_OBJC_ARC = YES;
				CLANG_WARN_BOOL_CONVERSION = YES;
				CLANG_WARN_CONSTANT_CONVERSION = YES;
				CLANG_WARN_DIRECT_OBJC_ISA_USAGE = YES_ERROR;
				CLANG_WARN_EMPTY_BODY = YES;
				CLANG_WARN_ENUM_CONVERSION = YES;
				CLANG_WARN_INT_CONVERSION = YES;
				CLANG_WARN_OBJC_ROOT_CLASS = YES_ERROR;
				CLANG_WARN_UNREACHABLE_CODE = YES;
				CLANG_WARN__DUPLICATE_METHOD_MATCH = YES;
				"CODE_SIGN_IDENTITY[sdk=iphoneos*]" = "iPhone Developer";
				COPY_PHASE_STRIP = NO;
				DEBUG_INFORMATION_FORMAT = dwarf;
				ENABLE_STRICT_OBJC_MSGSEND = YES;
				ENABLE_TESTABILITY = YES;
				GCC_C_LANGUAGE_STANDARD = gnu99;
				GCC_DYNAMIC_NO_PIC = NO;
				GCC_NO_COMMON_BLOCKS = YES;
				GCC_OPTIMIZATION_LEVEL = 0;
				GCC_PREPROCESSOR_DEFINITIONS = (
					"DEBUG=1",
					"$(inherited)",
				);
				GCC_WARN_64_TO_32_BIT_CONVERSION = YES;
				GCC_WARN_ABOUT_RETURN_TYPE = YES_ERROR;
				GCC_WARN_UNDECLARED_SELECTOR = YES;
				GCC_WARN_UNINITIALIZED_AUTOS = YES_AGGRESSIVE;
				GCC_WARN_UNUSED_FUNCTION = YES;
				GCC_WARN_UNUSED_VARIABLE = YES;
				IPHONEOS_DEPLOYMENT_TARGET = 9.3;
				MTL_ENABLE_DEBUG_INFO = YES;
				ONLY_ACTIVE_ARCH = YES;
				SDKROOT = iphoneos;
				SWIFT_OPTIMIZATION_LEVEL = "-Onone";
				TARGETED_DEVICE_FAMILY = "1,2";
			};
			name = Debug;
		};
		4DF6D1B01D019A210017D144 /* Release */ = {
			isa = XCBuildConfiguration;
			buildSettings = {
				ALWAYS_SEARCH_USER_PATHS = NO;
				CLANG_ANALYZER_NONNULL = YES;
				CLANG_CXX_LANGUAGE_STANDARD = "gnu++0x";
				CLANG_CXX_LIBRARY = "libc++";
				CLANG_ENABLE_MODULES = YES;
				CLANG_ENABLE_OBJC_ARC = YES;
				CLANG_WARN_BOOL_CONVERSION = YES;
				CLANG_WARN_CONSTANT_CONVERSION = YES;
				CLANG_WARN_DIRECT_OBJC_ISA_USAGE = YES_ERROR;
				CLANG_WARN_EMPTY_BODY = YES;
				CLANG_WARN_ENUM_CONVERSION = YES;
				CLANG_WARN_INT_CONVERSION = YES;
				CLANG_WARN_OBJC_ROOT_CLASS = YES_ERROR;
				CLANG_WARN_UNREACHABLE_CODE = YES;
				CLANG_WARN__DUPLICATE_METHOD_MATCH = YES;
				"CODE_SIGN_IDENTITY[sdk=iphoneos*]" = "iPhone Developer";
				COPY_PHASE_STRIP = NO;
				DEBUG_INFORMATION_FORMAT = "dwarf-with-dsym";
				ENABLE_NS_ASSERTIONS = NO;
				ENABLE_STRICT_OBJC_MSGSEND = YES;
				GCC_C_LANGUAGE_STANDARD = gnu99;
				GCC_NO_COMMON_BLOCKS = YES;
				GCC_WARN_64_TO_32_BIT_CONVERSION = YES;
				GCC_WARN_ABOUT_RETURN_TYPE = YES_ERROR;
				GCC_WARN_UNDECLARED_SELECTOR = YES;
				GCC_WARN_UNINITIALIZED_AUTOS = YES_AGGRESSIVE;
				GCC_WARN_UNUSED_FUNCTION = YES;
				GCC_WARN_UNUSED_VARIABLE = YES;
				IPHONEOS_DEPLOYMENT_TARGET = 9.3;
				MTL_ENABLE_DEBUG_INFO = NO;
				SDKROOT = iphoneos;
				TARGETED_DEVICE_FAMILY = "1,2";
				VALIDATE_PRODUCT = YES;
			};
			name = Release;
		};
		4DF6D1B21D019A210017D144 /* Debug */ = {
			isa = XCBuildConfiguration;
			buildSettings = {
				ASSETCATALOG_COMPILER_APPICON_NAME = AppIcon;
				INFOPLIST_FILE = "fit-checker-2.0/Info.plist";
				LD_RUNPATH_SEARCH_PATHS = "$(inherited) @executable_path/Frameworks";
				PRODUCT_BUNDLE_IDENTIFIER = "cvut.fit.fit-checker-2-0";
				PRODUCT_NAME = "$(TARGET_NAME)";
			};
			name = Debug;
		};
		4DF6D1B31D019A210017D144 /* Release */ = {
			isa = XCBuildConfiguration;
			buildSettings = {
				ASSETCATALOG_COMPILER_APPICON_NAME = AppIcon;
				INFOPLIST_FILE = "fit-checker-2.0/Info.plist";
				LD_RUNPATH_SEARCH_PATHS = "$(inherited) @executable_path/Frameworks";
				PRODUCT_BUNDLE_IDENTIFIER = "cvut.fit.fit-checker-2-0";
				PRODUCT_NAME = "$(TARGET_NAME)";
			};
			name = Release;
		};
		4DF6D1B51D019A210017D144 /* Debug */ = {
			isa = XCBuildConfiguration;
			buildSettings = {
				BUNDLE_LOADER = "$(TEST_HOST)";
				INFOPLIST_FILE = "fit-checker-2.0Tests/Info.plist";
				LD_RUNPATH_SEARCH_PATHS = "$(inherited) @executable_path/Frameworks @loader_path/Frameworks";
				PRODUCT_BUNDLE_IDENTIFIER = "cvut.fit.fit-checker-2-0Tests";
				PRODUCT_NAME = "$(TARGET_NAME)";
				TEST_HOST = "$(BUILT_PRODUCTS_DIR)/fit-checker-2.0.app/fit-checker-2.0";
			};
			name = Debug;
		};
		4DF6D1B61D019A210017D144 /* Release */ = {
			isa = XCBuildConfiguration;
			buildSettings = {
				BUNDLE_LOADER = "$(TEST_HOST)";
				INFOPLIST_FILE = "fit-checker-2.0Tests/Info.plist";
				LD_RUNPATH_SEARCH_PATHS = "$(inherited) @executable_path/Frameworks @loader_path/Frameworks";
				PRODUCT_BUNDLE_IDENTIFIER = "cvut.fit.fit-checker-2-0Tests";
				PRODUCT_NAME = "$(TARGET_NAME)";
				TEST_HOST = "$(BUILT_PRODUCTS_DIR)/fit-checker-2.0.app/fit-checker-2.0";
			};
			name = Release;
		};
		4DF6D1B81D019A210017D144 /* Debug */ = {
			isa = XCBuildConfiguration;
			buildSettings = {
				INFOPLIST_FILE = "fit-checker-2.0UITests/Info.plist";
				LD_RUNPATH_SEARCH_PATHS = "$(inherited) @executable_path/Frameworks @loader_path/Frameworks";
				PRODUCT_BUNDLE_IDENTIFIER = "cvut.fit.fit-checker-2-0UITests";
				PRODUCT_NAME = "$(TARGET_NAME)";
				TEST_TARGET_NAME = "fit-checker-2.0";
			};
			name = Debug;
		};
		4DF6D1B91D019A210017D144 /* Release */ = {
			isa = XCBuildConfiguration;
			buildSettings = {
				INFOPLIST_FILE = "fit-checker-2.0UITests/Info.plist";
				LD_RUNPATH_SEARCH_PATHS = "$(inherited) @executable_path/Frameworks @loader_path/Frameworks";
				PRODUCT_BUNDLE_IDENTIFIER = "cvut.fit.fit-checker-2-0UITests";
				PRODUCT_NAME = "$(TARGET_NAME)";
				TEST_TARGET_NAME = "fit-checker-2.0";
			};
			name = Release;
		};
/* End XCBuildConfiguration section */

/* Begin XCConfigurationList section */
		4DF6D1821D019A200017D144 /* Build configuration list for PBXProject "fit-checker-2.0" */ = {
			isa = XCConfigurationList;
			buildConfigurations = (
				4DF6D1AF1D019A210017D144 /* Debug */,
				4DF6D1B01D019A210017D144 /* Release */,
			);
			defaultConfigurationIsVisible = 0;
			defaultConfigurationName = Release;
		};
		4DF6D1B11D019A210017D144 /* Build configuration list for PBXNativeTarget "fit-checker-2.0" */ = {
			isa = XCConfigurationList;
			buildConfigurations = (
				4DF6D1B21D019A210017D144 /* Debug */,
				4DF6D1B31D019A210017D144 /* Release */,
			);
			defaultConfigurationIsVisible = 0;
			defaultConfigurationName = Release;
		};
		4DF6D1B41D019A210017D144 /* Build configuration list for PBXNativeTarget "fit-checker-2.0Tests" */ = {
			isa = XCConfigurationList;
			buildConfigurations = (
				4DF6D1B51D019A210017D144 /* Debug */,
				4DF6D1B61D019A210017D144 /* Release */,
			);
			defaultConfigurationIsVisible = 0;
			defaultConfigurationName = Release;
		};
		4DF6D1B71D019A210017D144 /* Build configuration list for PBXNativeTarget "fit-checker-2.0UITests" */ = {
			isa = XCConfigurationList;
			buildConfigurations = (
				4DF6D1B81D019A210017D144 /* Debug */,
				4DF6D1B91D019A210017D144 /* Release */,
			);
			defaultConfigurationIsVisible = 0;
			defaultConfigurationName = Release;
		};
/* End XCConfigurationList section */
	};
	rootObject = 4DF6D17F1D019A200017D144 /* Project object */;
}
